PODS:
  - AppContainerKit (0.1.2)
  - MarkdownView (1.6.0)
  - SwiftLint (0.40.2)
  - Swinject (2.6.2)
  - SwinjectAutoregistration (2.6.1):
    - Swinject (~> 2.6)
  - SwinjectStoryboard (2.1.0):
    - Swinject (~> 2.5)

DEPENDENCIES:
  - AppContainerKit (from `/Users/pawellozinski/code/AppContainerKit`)
  - MarkdownView
  - SwiftLint
  - Swinject
  - SwinjectAutoregistration
  - SwinjectStoryboard

SPEC REPOS:
  https://github.com/CocoaPods/Specs.git:
    - MarkdownView
    - SwiftLint
    - Swinject
    - SwinjectAutoregistration
    - SwinjectStoryboard

EXTERNAL SOURCES:
  AppContainerKit:
    :path: "/Users/pawellozinski/code/AppContainerKit"

SPEC CHECKSUMS:
  AppContainerKit: 31ceceb28c42ee471fe021d8cccd9d4a63a0acd1
  MarkdownView: 25c1c2d7ff9706624a575556296e188be3dd3f6b
  SwiftLint: 1216c910d27c2633ade33b4f071bb6b930982e62
  Swinject: cf7458774b1b00323080a9c67e47a1ee7f9d2af1
  SwinjectAutoregistration: d0de7e48db3601b8b130f2f84e5a8399e0224135
  SwinjectStoryboard: 688f096033103e66ffcf6ca678211acd7d7be505

PODFILE CHECKSUM: 947fe543d0a1e0195a0589a0f46f9bff37c0a05e

COCOAPODS: 1.9.3
