// !$*UTF8*$!
{
	archiveVersion = 1;
	classes = {
	};
	objectVersion = 50;
	objects = {

/* Begin PBXBuildFile section */
		39A21B2FA4458D102CE783CA /* Pods_AppContainerKitDISwiftExample.framework in Frameworks */ = {isa = PBXBuildFile; fileRef = 172FB0926BC368E128C2A3FD /* Pods_AppContainerKitDISwiftExample.framework */; };
		76E35F5117A46B439DF36F6F /* Pods_AppContainerKit.framework in Frameworks */ = {isa = PBXBuildFile; fileRef = 1F6502FC352A7BC9FBDA1E89 /* Pods_AppContainerKit.framework */; };
		DC0C60FA22083A3B005A1A22 /* CoordinatorContainer.swift in Sources */ = {isa = PBXBuildFile; fileRef = DC0C60F922083A3B005A1A22 /* CoordinatorContainer.swift */; };
		DC0C60FC22083A87005A1A22 /* NavigationAnimation.swift in Sources */ = {isa = PBXBuildFile; fileRef = DC0C60FB22083A87005A1A22 /* NavigationAnimation.swift */; };
		DC39D6662200948000B56E98 /* AppContainerKit.h in Headers */ = {isa = PBXBuildFile; fileRef = DC39D6642200948000B56E98 /* AppContainerKit.h */; settings = {ATTRIBUTES = (Public, ); }; };
		DC39D68D2200B24700B56E98 /* Container.storyboard in Resources */ = {isa = PBXBuildFile; fileRef = DC39D68C2200B24700B56E98 /* Container.storyboard */; };
		DC39D6902200B32200B56E98 /* ACKLaunchScreenViewController.swift in Sources */ = {isa = PBXBuildFile; fileRef = DC39D68F2200B32200B56E98 /* ACKLaunchScreenViewController.swift */; };
		DC39D6932200B43000B56E98 /* ACKContainerView.swift in Sources */ = {isa = PBXBuildFile; fileRef = DC39D6922200B43000B56E98 /* ACKContainerView.swift */; };
		DC39D6952200B53900B56E98 /* ACKPrimaryViewContainerViewController.swift in Sources */ = {isa = PBXBuildFile; fileRef = DC39D6942200B53900B56E98 /* ACKPrimaryViewContainerViewController.swift */; };
		DC39D6972200B5AE00B56E98 /* ACKSecondaryViewContainerViewController.swift in Sources */ = {isa = PBXBuildFile; fileRef = DC39D6962200B5AE00B56E98 /* ACKSecondaryViewContainerViewController.swift */; };
		DC39D6992200B70100B56E98 /* Delegate.swift in Sources */ = {isa = PBXBuildFile; fileRef = DC39D6982200B70100B56E98 /* Delegate.swift */; };
		DC39D6A52200D33F00B56E98 /* AppDelegate.swift in Sources */ = {isa = PBXBuildFile; fileRef = DC39D6A42200D33F00B56E98 /* AppDelegate.swift */; };
		DC39D6AC2200D34000B56E98 /* Assets.xcassets in Resources */ = {isa = PBXBuildFile; fileRef = DC39D6AB2200D34000B56E98 /* Assets.xcassets */; };
		DC39D6BA2200D53A00B56E98 /* AssemblyCenter.swift in Sources */ = {isa = PBXBuildFile; fileRef = DC39D6B92200D53A00B56E98 /* AssemblyCenter.swift */; };
		DC39D6BC2200D59900B56E98 /* AppDelegateAssembly.swift in Sources */ = {isa = PBXBuildFile; fileRef = DC39D6BB2200D59900B56E98 /* AppDelegateAssembly.swift */; };
		DC39D6BE2200EA5B00B56E98 /* ACKNavigationController.swift in Sources */ = {isa = PBXBuildFile; fileRef = DC39D6BD2200EA5B00B56E98 /* ACKNavigationController.swift */; };
		DC39D6C02200EC3A00B56E98 /* Authorization.storyboard in Resources */ = {isa = PBXBuildFile; fileRef = DC39D6BF2200EC3A00B56E98 /* Authorization.storyboard */; };
		DC39D6C42200EE3D00B56E98 /* UIViewController+Coordinator.swift in Sources */ = {isa = PBXBuildFile; fileRef = DC39D6C32200EE3D00B56E98 /* UIViewController+Coordinator.swift */; };
		DC39D6C62200EF5000B56E98 /* NavigationCoordinator.swift in Sources */ = {isa = PBXBuildFile; fileRef = DC39D6C52200EF5000B56E98 /* NavigationCoordinator.swift */; };
		DC39D6C82200EF6F00B56E98 /* FadeTransitionAnimator.swift in Sources */ = {isa = PBXBuildFile; fileRef = DC39D6C72200EF6F00B56E98 /* FadeTransitionAnimator.swift */; };
		DC39D6CA2200F13B00B56E98 /* WindowControllerAssembly.swift in Sources */ = {isa = PBXBuildFile; fileRef = DC39D6C92200F13B00B56E98 /* WindowControllerAssembly.swift */; };
		DC39D6CC2200F7AB00B56E98 /* WindowController.swift in Sources */ = {isa = PBXBuildFile; fileRef = DC39D6CB2200F7AB00B56E98 /* WindowController.swift */; };
		DC39D6CE2200F81C00B56E98 /* LoginViewController.swift in Sources */ = {isa = PBXBuildFile; fileRef = DC39D6CD2200F81C00B56E98 /* LoginViewController.swift */; };
		DC39D6D02200F82700B56E98 /* MainViewController.swift in Sources */ = {isa = PBXBuildFile; fileRef = DC39D6CF2200F82700B56E98 /* MainViewController.swift */; };
		DC39D6D22200F85F00B56E98 /* MainAssembly.swift in Sources */ = {isa = PBXBuildFile; fileRef = DC39D6D12200F85F00B56E98 /* MainAssembly.swift */; };
		DC39D6D42200F89D00B56E98 /* LoginAssembly.swift in Sources */ = {isa = PBXBuildFile; fileRef = DC39D6D32200F89D00B56E98 /* LoginAssembly.swift */; };
		DC39D6D72200F9A900B56E98 /* UserStorage.swift in Sources */ = {isa = PBXBuildFile; fileRef = DC39D6D62200F9A900B56E98 /* UserStorage.swift */; };
		DC39D6DB2200FA2A00B56E98 /* SharedAssembly.swift in Sources */ = {isa = PBXBuildFile; fileRef = DC39D6DA2200FA2A00B56E98 /* SharedAssembly.swift */; };
		DC39D6DE2200FF6200B56E98 /* SwinjectStoryboard+container.swift in Sources */ = {isa = PBXBuildFile; fileRef = DC39D6DD2200FF6200B56E98 /* SwinjectStoryboard+container.swift */; };
		DC39D6E02201026300B56E98 /* ACKWindowController.swift in Sources */ = {isa = PBXBuildFile; fileRef = DC39D6DF2201026300B56E98 /* ACKWindowController.swift */; };
		DC39D6E42201C73800B56E98 /* Main.storyboard in Resources */ = {isa = PBXBuildFile; fileRef = DC39D6E32201C73700B56E98 /* Main.storyboard */; };
		DC39D6E62201C74A00B56E98 /* LaunchScreen.storyboard in Resources */ = {isa = PBXBuildFile; fileRef = DC39D6E52201C74A00B56E98 /* LaunchScreen.storyboard */; };
		DC747CEA220703520041BF63 /* ACKitDelegateHolder.swift in Sources */ = {isa = PBXBuildFile; fileRef = DC747CE9220703520041BF63 /* ACKitDelegateHolder.swift */; };
		DC922BA02208A91C00B1A7ED /* TransitionsUITests.swift in Sources */ = {isa = PBXBuildFile; fileRef = DC922B9F2208A91C00B1A7ED /* TransitionsUITests.swift */; };
		DCB7D8AB2203371800538037 /* README.md in Resources */ = {isa = PBXBuildFile; fileRef = DCB7D8AA2203371800538037 /* README.md */; };
		DCCE2AC1220C55350041BB52 /* UITestController.swift in Sources */ = {isa = PBXBuildFile; fileRef = DCCE2AC0220C55350041BB52 /* UITestController.swift */; };
		DCCE2AC3220C676B0041BB52 /* XCUIApplication+XCUIElementQuery.swift in Sources */ = {isa = PBXBuildFile; fileRef = DCCE2AC2220C676B0041BB52 /* XCUIApplication+XCUIElementQuery.swift */; };
/* End PBXBuildFile section */

/* Begin PBXContainerItemProxy section */
		DC922BA22208A91C00B1A7ED /* PBXContainerItemProxy */ = {
			isa = PBXContainerItemProxy;
			containerPortal = DC39D6582200948000B56E98 /* Project object */;
			proxyType = 1;
			remoteGlobalIDString = DC39D6A12200D33F00B56E98;
			remoteInfo = AppContainerKitDISwiftExample;
		};
/* End PBXContainerItemProxy section */

/* Begin PBXFileReference section */
		172FB0926BC368E128C2A3FD /* Pods_AppContainerKitDISwiftExample.framework */ = {isa = PBXFileReference; explicitFileType = wrapper.framework; includeInIndex = 0; path = Pods_AppContainerKitDISwiftExample.framework; sourceTree = BUILT_PRODUCTS_DIR; };
		1F6502FC352A7BC9FBDA1E89 /* Pods_AppContainerKit.framework */ = {isa = PBXFileReference; explicitFileType = wrapper.framework; includeInIndex = 0; path = Pods_AppContainerKit.framework; sourceTree = BUILT_PRODUCTS_DIR; };
		3D2EDF8709E79527E5C131F2 /* Pods-AppContainerKit.debug.xcconfig */ = {isa = PBXFileReference; includeInIndex = 1; lastKnownFileType = text.xcconfig; name = "Pods-AppContainerKit.debug.xcconfig"; path = "Pods/Target Support Files/Pods-AppContainerKit/Pods-AppContainerKit.debug.xcconfig"; sourceTree = "<group>"; };
		9207DDC3986B0E12816AAEB5 /* Pods_AppContainerKitSwiftExample.framework */ = {isa = PBXFileReference; explicitFileType = wrapper.framework; includeInIndex = 0; path = Pods_AppContainerKitSwiftExample.framework; sourceTree = BUILT_PRODUCTS_DIR; };
		AACE04C278063A6CB0D14DFB /* Pods-AppContainerKit.release.xcconfig */ = {isa = PBXFileReference; includeInIndex = 1; lastKnownFileType = text.xcconfig; name = "Pods-AppContainerKit.release.xcconfig"; path = "Pods/Target Support Files/Pods-AppContainerKit/Pods-AppContainerKit.release.xcconfig"; sourceTree = "<group>"; };
		BCA2431D1C4ECCE75431CC00 /* Pods-AppContainerKitDISwiftExample.debug.xcconfig */ = {isa = PBXFileReference; includeInIndex = 1; lastKnownFileType = text.xcconfig; name = "Pods-AppContainerKitDISwiftExample.debug.xcconfig"; path = "Pods/Target Support Files/Pods-AppContainerKitDISwiftExample/Pods-AppContainerKitDISwiftExample.debug.xcconfig"; sourceTree = "<group>"; };
		D613A48B3F21705028EE37B3 /* Pods-AppContainerKitDISwiftExample.release.xcconfig */ = {isa = PBXFileReference; includeInIndex = 1; lastKnownFileType = text.xcconfig; name = "Pods-AppContainerKitDISwiftExample.release.xcconfig"; path = "Pods/Target Support Files/Pods-AppContainerKitDISwiftExample/Pods-AppContainerKitDISwiftExample.release.xcconfig"; sourceTree = "<group>"; };
		DC0C60F922083A3B005A1A22 /* CoordinatorContainer.swift */ = {isa = PBXFileReference; lastKnownFileType = sourcecode.swift; path = CoordinatorContainer.swift; sourceTree = "<group>"; };
		DC0C60FB22083A87005A1A22 /* NavigationAnimation.swift */ = {isa = PBXFileReference; lastKnownFileType = sourcecode.swift; path = NavigationAnimation.swift; sourceTree = "<group>"; };
		DC39D6612200948000B56E98 /* AppContainerKit.framework */ = {isa = PBXFileReference; explicitFileType = wrapper.framework; includeInIndex = 0; path = AppContainerKit.framework; sourceTree = BUILT_PRODUCTS_DIR; };
		DC39D6642200948000B56E98 /* AppContainerKit.h */ = {isa = PBXFileReference; lastKnownFileType = sourcecode.c.h; path = AppContainerKit.h; sourceTree = "<group>"; };
		DC39D6652200948000B56E98 /* Info.plist */ = {isa = PBXFileReference; lastKnownFileType = text.plist.xml; path = Info.plist; sourceTree = "<group>"; };
		DC39D68C2200B24700B56E98 /* Container.storyboard */ = {isa = PBXFileReference; lastKnownFileType = file.storyboard; path = Container.storyboard; sourceTree = "<group>"; };
		DC39D68F2200B32200B56E98 /* ACKLaunchScreenViewController.swift */ = {isa = PBXFileReference; lastKnownFileType = sourcecode.swift; path = ACKLaunchScreenViewController.swift; sourceTree = "<group>"; };
		DC39D6922200B43000B56E98 /* ACKContainerView.swift */ = {isa = PBXFileReference; lastKnownFileType = sourcecode.swift; path = ACKContainerView.swift; sourceTree = "<group>"; };
		DC39D6942200B53900B56E98 /* ACKPrimaryViewContainerViewController.swift */ = {isa = PBXFileReference; lastKnownFileType = sourcecode.swift; path = ACKPrimaryViewContainerViewController.swift; sourceTree = "<group>"; };
		DC39D6962200B5AE00B56E98 /* ACKSecondaryViewContainerViewController.swift */ = {isa = PBXFileReference; lastKnownFileType = sourcecode.swift; path = ACKSecondaryViewContainerViewController.swift; sourceTree = "<group>"; };
		DC39D6982200B70100B56E98 /* Delegate.swift */ = {isa = PBXFileReference; lastKnownFileType = sourcecode.swift; path = Delegate.swift; sourceTree = "<group>"; };
		DC39D6A22200D33F00B56E98 /* AppContainerKitDISwiftExample.app */ = {isa = PBXFileReference; explicitFileType = wrapper.application; includeInIndex = 0; path = AppContainerKitDISwiftExample.app; sourceTree = BUILT_PRODUCTS_DIR; };
		DC39D6A42200D33F00B56E98 /* AppDelegate.swift */ = {isa = PBXFileReference; lastKnownFileType = sourcecode.swift; path = AppDelegate.swift; sourceTree = "<group>"; };
		DC39D6AB2200D34000B56E98 /* Assets.xcassets */ = {isa = PBXFileReference; lastKnownFileType = folder.assetcatalog; path = Assets.xcassets; sourceTree = "<group>"; };
		DC39D6B02200D34000B56E98 /* Info.plist */ = {isa = PBXFileReference; lastKnownFileType = text.plist.xml; path = Info.plist; sourceTree = "<group>"; };
		DC39D6B92200D53A00B56E98 /* AssemblyCenter.swift */ = {isa = PBXFileReference; lastKnownFileType = sourcecode.swift; path = AssemblyCenter.swift; sourceTree = "<group>"; };
		DC39D6BB2200D59900B56E98 /* AppDelegateAssembly.swift */ = {isa = PBXFileReference; lastKnownFileType = sourcecode.swift; path = AppDelegateAssembly.swift; sourceTree = "<group>"; };
		DC39D6BD2200EA5B00B56E98 /* ACKNavigationController.swift */ = {isa = PBXFileReference; lastKnownFileType = sourcecode.swift; path = ACKNavigationController.swift; sourceTree = "<group>"; };
		DC39D6BF2200EC3A00B56E98 /* Authorization.storyboard */ = {isa = PBXFileReference; lastKnownFileType = file.storyboard; path = Authorization.storyboard; sourceTree = "<group>"; };
		DC39D6C32200EE3D00B56E98 /* UIViewController+Coordinator.swift */ = {isa = PBXFileReference; lastKnownFileType = sourcecode.swift; path = "UIViewController+Coordinator.swift"; sourceTree = "<group>"; };
		DC39D6C52200EF5000B56E98 /* NavigationCoordinator.swift */ = {isa = PBXFileReference; lastKnownFileType = sourcecode.swift; path = NavigationCoordinator.swift; sourceTree = "<group>"; };
		DC39D6C72200EF6F00B56E98 /* FadeTransitionAnimator.swift */ = {isa = PBXFileReference; lastKnownFileType = sourcecode.swift; path = FadeTransitionAnimator.swift; sourceTree = "<group>"; };
		DC39D6C92200F13B00B56E98 /* WindowControllerAssembly.swift */ = {isa = PBXFileReference; lastKnownFileType = sourcecode.swift; path = WindowControllerAssembly.swift; sourceTree = "<group>"; };
		DC39D6CB2200F7AB00B56E98 /* WindowController.swift */ = {isa = PBXFileReference; lastKnownFileType = sourcecode.swift; path = WindowController.swift; sourceTree = "<group>"; };
		DC39D6CD2200F81C00B56E98 /* LoginViewController.swift */ = {isa = PBXFileReference; lastKnownFileType = sourcecode.swift; path = LoginViewController.swift; sourceTree = "<group>"; };
		DC39D6CF2200F82700B56E98 /* MainViewController.swift */ = {isa = PBXFileReference; lastKnownFileType = sourcecode.swift; path = MainViewController.swift; sourceTree = "<group>"; };
		DC39D6D12200F85F00B56E98 /* MainAssembly.swift */ = {isa = PBXFileReference; lastKnownFileType = sourcecode.swift; path = MainAssembly.swift; sourceTree = "<group>"; };
		DC39D6D32200F89D00B56E98 /* LoginAssembly.swift */ = {isa = PBXFileReference; lastKnownFileType = sourcecode.swift; path = LoginAssembly.swift; sourceTree = "<group>"; };
		DC39D6D62200F9A900B56E98 /* UserStorage.swift */ = {isa = PBXFileReference; lastKnownFileType = sourcecode.swift; path = UserStorage.swift; sourceTree = "<group>"; };
		DC39D6DA2200FA2A00B56E98 /* SharedAssembly.swift */ = {isa = PBXFileReference; lastKnownFileType = sourcecode.swift; path = SharedAssembly.swift; sourceTree = "<group>"; };
		DC39D6DD2200FF6200B56E98 /* SwinjectStoryboard+container.swift */ = {isa = PBXFileReference; lastKnownFileType = sourcecode.swift; path = "SwinjectStoryboard+container.swift"; sourceTree = "<group>"; };
		DC39D6DF2201026300B56E98 /* ACKWindowController.swift */ = {isa = PBXFileReference; lastKnownFileType = sourcecode.swift; path = ACKWindowController.swift; sourceTree = "<group>"; };
		DC39D6E32201C73700B56E98 /* Main.storyboard */ = {isa = PBXFileReference; fileEncoding = 4; lastKnownFileType = file.storyboard; path = Main.storyboard; sourceTree = "<group>"; };
		DC39D6E52201C74A00B56E98 /* LaunchScreen.storyboard */ = {isa = PBXFileReference; fileEncoding = 4; lastKnownFileType = file.storyboard; path = LaunchScreen.storyboard; sourceTree = "<group>"; };
		DC747CE9220703520041BF63 /* ACKitDelegateHolder.swift */ = {isa = PBXFileReference; fileEncoding = 4; lastKnownFileType = sourcecode.swift; path = ACKitDelegateHolder.swift; sourceTree = "<group>"; };
		DC922B9D2208A91C00B1A7ED /* AppContainerKitDISwiftExampleUITests.xctest */ = {isa = PBXFileReference; explicitFileType = wrapper.cfbundle; includeInIndex = 0; path = AppContainerKitDISwiftExampleUITests.xctest; sourceTree = BUILT_PRODUCTS_DIR; };
		DC922B9F2208A91C00B1A7ED /* TransitionsUITests.swift */ = {isa = PBXFileReference; lastKnownFileType = sourcecode.swift; path = TransitionsUITests.swift; sourceTree = "<group>"; };
		DC922BA12208A91C00B1A7ED /* Info.plist */ = {isa = PBXFileReference; lastKnownFileType = text.plist.xml; path = Info.plist; sourceTree = "<group>"; };
		DCB7D8AA2203371800538037 /* README.md */ = {isa = PBXFileReference; fileEncoding = 4; lastKnownFileType = net.daringfireball.markdown; path = README.md; sourceTree = SOURCE_ROOT; };
		DCCE2AC0220C55350041BB52 /* UITestController.swift */ = {isa = PBXFileReference; lastKnownFileType = sourcecode.swift; path = UITestController.swift; sourceTree = "<group>"; };
		DCCE2AC2220C676B0041BB52 /* XCUIApplication+XCUIElementQuery.swift */ = {isa = PBXFileReference; lastKnownFileType = sourcecode.swift; path = "XCUIApplication+XCUIElementQuery.swift"; sourceTree = "<group>"; };
/* End PBXFileReference section */

/* Begin PBXFrameworksBuildPhase section */
		DC39D65E2200948000B56E98 /* Frameworks */ = {
			isa = PBXFrameworksBuildPhase;
			buildActionMask = 2147483647;
			files = (
				76E35F5117A46B439DF36F6F /* Pods_AppContainerKit.framework in Frameworks */,
			);
			runOnlyForDeploymentPostprocessing = 0;
		};
		DC39D69F2200D33F00B56E98 /* Frameworks */ = {
			isa = PBXFrameworksBuildPhase;
			buildActionMask = 2147483647;
			files = (
				39A21B2FA4458D102CE783CA /* Pods_AppContainerKitDISwiftExample.framework in Frameworks */,
			);
			runOnlyForDeploymentPostprocessing = 0;
		};
		DC922B9A2208A91C00B1A7ED /* Frameworks */ = {
			isa = PBXFrameworksBuildPhase;
			buildActionMask = 2147483647;
			files = (
			);
			runOnlyForDeploymentPostprocessing = 0;
		};
/* End PBXFrameworksBuildPhase section */

/* Begin PBXGroup section */
		435584625AF7EED5D0FF0FC1 /* Pods */ = {
			isa = PBXGroup;
			children = (
				3D2EDF8709E79527E5C131F2 /* Pods-AppContainerKit.debug.xcconfig */,
				AACE04C278063A6CB0D14DFB /* Pods-AppContainerKit.release.xcconfig */,
				BCA2431D1C4ECCE75431CC00 /* Pods-AppContainerKitDISwiftExample.debug.xcconfig */,
				D613A48B3F21705028EE37B3 /* Pods-AppContainerKitDISwiftExample.release.xcconfig */,
			);
			name = Pods;
			sourceTree = "<group>";
		};
		AEBA23E242C5B519E93AA635 /* Frameworks */ = {
			isa = PBXGroup;
			children = (
				1F6502FC352A7BC9FBDA1E89 /* Pods_AppContainerKit.framework */,
				9207DDC3986B0E12816AAEB5 /* Pods_AppContainerKitSwiftExample.framework */,
				172FB0926BC368E128C2A3FD /* Pods_AppContainerKitDISwiftExample.framework */,
			);
			name = Frameworks;
			sourceTree = "<group>";
		};
		DC39D6572200948000B56E98 = {
			isa = PBXGroup;
			children = (
				DC39D6632200948000B56E98 /* AppContainerKit */,
				DC39D6A32200D33F00B56E98 /* AppContainerKitDISwiftExample */,
				DC922B9E2208A91C00B1A7ED /* AppContainerKitDISwiftExampleUITests */,
				DC39D6622200948000B56E98 /* Products */,
				435584625AF7EED5D0FF0FC1 /* Pods */,
				AEBA23E242C5B519E93AA635 /* Frameworks */,
			);
			sourceTree = "<group>";
		};
		DC39D6622200948000B56E98 /* Products */ = {
			isa = PBXGroup;
			children = (
				DC39D6612200948000B56E98 /* AppContainerKit.framework */,
				DC39D6A22200D33F00B56E98 /* AppContainerKitDISwiftExample.app */,
				DC922B9D2208A91C00B1A7ED /* AppContainerKitDISwiftExampleUITests.xctest */,
			);
			name = Products;
			sourceTree = "<group>";
		};
		DC39D6632200948000B56E98 /* AppContainerKit */ = {
			isa = PBXGroup;
			children = (
				DC39D66F220097D200B56E98 /* Sources */,
				DC39D6642200948000B56E98 /* AppContainerKit.h */,
				DC39D6652200948000B56E98 /* Info.plist */,
			);
			path = AppContainerKit;
			sourceTree = "<group>";
		};
		DC39D66F220097D200B56E98 /* Sources */ = {
			isa = PBXGroup;
			children = (
				DC39D6C22200EE2D00B56E98 /* Extensions */,
				DC39D69D2200B9E400B56E98 /* Protocols */,
				DC39D69A2200B76E00B56E98 /* Controllers */,
				DC39D6912200B40A00B56E98 /* Views */,
				DC39D68E2200B2EA00B56E98 /* ViewControllers */,
				DC39D68B2200B23900B56E98 /* Storyboards */,
			);
			path = Sources;
			sourceTree = "<group>";
		};
		DC39D68B2200B23900B56E98 /* Storyboards */ = {
			isa = PBXGroup;
			children = (
				DC39D68C2200B24700B56E98 /* Container.storyboard */,
			);
			path = Storyboards;
			sourceTree = "<group>";
		};
		DC39D68E2200B2EA00B56E98 /* ViewControllers */ = {
			isa = PBXGroup;
			children = (
				DC39D68F2200B32200B56E98 /* ACKLaunchScreenViewController.swift */,
				DC39D6942200B53900B56E98 /* ACKPrimaryViewContainerViewController.swift */,
				DC39D6962200B5AE00B56E98 /* ACKSecondaryViewContainerViewController.swift */,
				DC39D6BD2200EA5B00B56E98 /* ACKNavigationController.swift */,
			);
			path = ViewControllers;
			sourceTree = "<group>";
		};
		DC39D6912200B40A00B56E98 /* Views */ = {
			isa = PBXGroup;
			children = (
				DC39D6922200B43000B56E98 /* ACKContainerView.swift */,
				DC39D6C52200EF5000B56E98 /* NavigationCoordinator.swift */,
				DC39D6C72200EF6F00B56E98 /* FadeTransitionAnimator.swift */,
				DC0C60FB22083A87005A1A22 /* NavigationAnimation.swift */,
			);
			path = Views;
			sourceTree = "<group>";
		};
		DC39D69A2200B76E00B56E98 /* Controllers */ = {
			isa = PBXGroup;
			children = (
				DC747CE9220703520041BF63 /* ACKitDelegateHolder.swift */,
				DC39D6DF2201026300B56E98 /* ACKWindowController.swift */,
			);
			path = Controllers;
			sourceTree = "<group>";
		};
		DC39D69D2200B9E400B56E98 /* Protocols */ = {
			isa = PBXGroup;
			children = (
				DC39D6982200B70100B56E98 /* Delegate.swift */,
			);
			path = Protocols;
			sourceTree = "<group>";
		};
		DC39D6A32200D33F00B56E98 /* AppContainerKitDISwiftExample */ = {
			isa = PBXGroup;
			children = (
				DCB7D8AA2203371800538037 /* README.md */,
				DC39D6E52201C74A00B56E98 /* LaunchScreen.storyboard */,
				DC39D6DC2200FF4E00B56E98 /* Extensions */,
				DC39D6D52200F98600B56E98 /* Storages */,
				DC39D6C12200EC4300B56E98 /* Storyboards */,
				DC39D6B82200D4AD00B56E98 /* Controllers */,
				DC39D6B72200D4A300B56E98 /* ViewControllers */,
				DC39D6B62200D49300B56E98 /* Assemblies */,
				DC39D6A42200D33F00B56E98 /* AppDelegate.swift */,
				DC39D6AB2200D34000B56E98 /* Assets.xcassets */,
				DC39D6B02200D34000B56E98 /* Info.plist */,
			);
			path = AppContainerKitDISwiftExample;
			sourceTree = "<group>";
		};
		DC39D6B62200D49300B56E98 /* Assemblies */ = {
			isa = PBXGroup;
			children = (
				DC39D6B92200D53A00B56E98 /* AssemblyCenter.swift */,
				DC39D6BB2200D59900B56E98 /* AppDelegateAssembly.swift */,
				DC39D6C92200F13B00B56E98 /* WindowControllerAssembly.swift */,
				DC39D6D12200F85F00B56E98 /* MainAssembly.swift */,
				DC39D6D32200F89D00B56E98 /* LoginAssembly.swift */,
				DC39D6DA2200FA2A00B56E98 /* SharedAssembly.swift */,
			);
			path = Assemblies;
			sourceTree = "<group>";
		};
		DC39D6B72200D4A300B56E98 /* ViewControllers */ = {
			isa = PBXGroup;
			children = (
				DC39D6CD2200F81C00B56E98 /* LoginViewController.swift */,
				DC39D6CF2200F82700B56E98 /* MainViewController.swift */,
			);
			path = ViewControllers;
			sourceTree = "<group>";
		};
		DC39D6B82200D4AD00B56E98 /* Controllers */ = {
			isa = PBXGroup;
			children = (
				DC39D6CB2200F7AB00B56E98 /* WindowController.swift */,
				DCCE2AC0220C55350041BB52 /* UITestController.swift */,
			);
			path = Controllers;
			sourceTree = "<group>";
		};
		DC39D6C12200EC4300B56E98 /* Storyboards */ = {
			isa = PBXGroup;
			children = (
				DC39D6E32201C73700B56E98 /* Main.storyboard */,
				DC39D6BF2200EC3A00B56E98 /* Authorization.storyboard */,
			);
			path = Storyboards;
			sourceTree = "<group>";
		};
		DC39D6C22200EE2D00B56E98 /* Extensions */ = {
			isa = PBXGroup;
			children = (
				DC39D6C32200EE3D00B56E98 /* UIViewController+Coordinator.swift */,
				DC0C60F922083A3B005A1A22 /* CoordinatorContainer.swift */,
			);
			path = Extensions;
			sourceTree = "<group>";
		};
		DC39D6D52200F98600B56E98 /* Storages */ = {
			isa = PBXGroup;
			children = (
				DC39D6D62200F9A900B56E98 /* UserStorage.swift */,
			);
			path = Storages;
			sourceTree = "<group>";
		};
		DC39D6DC2200FF4E00B56E98 /* Extensions */ = {
			isa = PBXGroup;
			children = (
				DC39D6DD2200FF6200B56E98 /* SwinjectStoryboard+container.swift */,
			);
			path = Extensions;
			sourceTree = "<group>";
		};
		DC922B9E2208A91C00B1A7ED /* AppContainerKitDISwiftExampleUITests */ = {
			isa = PBXGroup;
			children = (
				DC922B9F2208A91C00B1A7ED /* TransitionsUITests.swift */,
				DCCE2AC2220C676B0041BB52 /* XCUIApplication+XCUIElementQuery.swift */,
				DC922BA12208A91C00B1A7ED /* Info.plist */,
			);
			path = AppContainerKitDISwiftExampleUITests;
			sourceTree = "<group>";
		};
/* End PBXGroup section */

/* Begin PBXHeadersBuildPhase section */
		DC39D65C2200948000B56E98 /* Headers */ = {
			isa = PBXHeadersBuildPhase;
			buildActionMask = 2147483647;
			files = (
				DC39D6662200948000B56E98 /* AppContainerKit.h in Headers */,
			);
			runOnlyForDeploymentPostprocessing = 0;
		};
/* End PBXHeadersBuildPhase section */

/* Begin PBXNativeTarget section */
		DC39D6602200948000B56E98 /* AppContainerKit */ = {
			isa = PBXNativeTarget;
			buildConfigurationList = DC39D6692200948000B56E98 /* Build configuration list for PBXNativeTarget "AppContainerKit" */;
			buildPhases = (
				45B7A5D30DDCEF9240E018E5 /* [CP] Check Pods Manifest.lock */,
				DC39D65C2200948000B56E98 /* Headers */,
				DC39D65D2200948000B56E98 /* Sources */,
				DC39D65E2200948000B56E98 /* Frameworks */,
				DC39D65F2200948000B56E98 /* Resources */,
				DC39D66E220097A400B56E98 /* Swift Lint */,
			);
			buildRules = (
			);
			dependencies = (
			);
			name = AppContainerKit;
			productName = AppContainerKit;
			productReference = DC39D6612200948000B56E98 /* AppContainerKit.framework */;
			productType = "com.apple.product-type.framework";
		};
		DC39D6A12200D33F00B56E98 /* AppContainerKitDISwiftExample */ = {
			isa = PBXNativeTarget;
			buildConfigurationList = DC39D6B32200D34000B56E98 /* Build configuration list for PBXNativeTarget "AppContainerKitDISwiftExample" */;
			buildPhases = (
				7F29386B16AF047EEE1B0775 /* [CP] Check Pods Manifest.lock */,
				DC39D69E2200D33F00B56E98 /* Sources */,
				DC39D69F2200D33F00B56E98 /* Frameworks */,
				DC39D6A02200D33F00B56E98 /* Resources */,
				C52CC51290252817994827FA /* [CP] Embed Pods Frameworks */,
				DC39D6B52200D3C500B56E98 /* Swift Lint */,
			);
			buildRules = (
			);
			dependencies = (
			);
			name = AppContainerKitDISwiftExample;
			productName = AppContainerKitDISwiftExample;
			productReference = DC39D6A22200D33F00B56E98 /* AppContainerKitDISwiftExample.app */;
			productType = "com.apple.product-type.application";
		};
		DC922B9C2208A91C00B1A7ED /* AppContainerKitDISwiftExampleUITests */ = {
			isa = PBXNativeTarget;
			buildConfigurationList = DC922BA62208A91C00B1A7ED /* Build configuration list for PBXNativeTarget "AppContainerKitDISwiftExampleUITests" */;
			buildPhases = (
				DC922B992208A91C00B1A7ED /* Sources */,
				DC922B9A2208A91C00B1A7ED /* Frameworks */,
				DC922B9B2208A91C00B1A7ED /* Resources */,
			);
			buildRules = (
			);
			dependencies = (
				DC922BA32208A91C00B1A7ED /* PBXTargetDependency */,
			);
			name = AppContainerKitDISwiftExampleUITests;
			productName = AppContainerKitDISwiftExampleUITests;
			productReference = DC922B9D2208A91C00B1A7ED /* AppContainerKitDISwiftExampleUITests.xctest */;
			productType = "com.apple.product-type.bundle.ui-testing";
		};
/* End PBXNativeTarget section */

/* Begin PBXProject section */
		DC39D6582200948000B56E98 /* Project object */ = {
			isa = PBXProject;
			attributes = {
				LastSwiftUpdateCheck = 1010;
				LastUpgradeCheck = 1010;
				ORGANIZATIONNAME = "Paweł Łoziński";
				TargetAttributes = {
					DC39D6602200948000B56E98 = {
						CreatedOnToolsVersion = 10.1;
						LastSwiftMigration = 1010;
					};
					DC39D6A12200D33F00B56E98 = {
						CreatedOnToolsVersion = 10.1;
					};
					DC922B9C2208A91C00B1A7ED = {
						CreatedOnToolsVersion = 10.1;
						TestTargetID = DC39D6A12200D33F00B56E98;
					};
				};
			};
			buildConfigurationList = DC39D65B2200948000B56E98 /* Build configuration list for PBXProject "AppContainerKit" */;
			compatibilityVersion = "Xcode 9.3";
			developmentRegion = en;
			hasScannedForEncodings = 0;
			knownRegions = (
				Base,
			);
			mainGroup = DC39D6572200948000B56E98;
			productRefGroup = DC39D6622200948000B56E98 /* Products */;
			projectDirPath = "";
			projectRoot = "";
			targets = (
				DC39D6602200948000B56E98 /* AppContainerKit */,
				DC39D6A12200D33F00B56E98 /* AppContainerKitDISwiftExample */,
				DC922B9C2208A91C00B1A7ED /* AppContainerKitDISwiftExampleUITests */,
			);
		};
/* End PBXProject section */

/* Begin PBXResourcesBuildPhase section */
		DC39D65F2200948000B56E98 /* Resources */ = {
			isa = PBXResourcesBuildPhase;
			buildActionMask = 2147483647;
			files = (
				DC39D68D2200B24700B56E98 /* Container.storyboard in Resources */,
			);
			runOnlyForDeploymentPostprocessing = 0;
		};
		DC39D6A02200D33F00B56E98 /* Resources */ = {
			isa = PBXResourcesBuildPhase;
			buildActionMask = 2147483647;
			files = (
				DC39D6C02200EC3A00B56E98 /* Authorization.storyboard in Resources */,
				DC39D6E62201C74A00B56E98 /* LaunchScreen.storyboard in Resources */,
				DCB7D8AB2203371800538037 /* README.md in Resources */,
				DC39D6AC2200D34000B56E98 /* Assets.xcassets in Resources */,
				DC39D6E42201C73800B56E98 /* Main.storyboard in Resources */,
			);
			runOnlyForDeploymentPostprocessing = 0;
		};
		DC922B9B2208A91C00B1A7ED /* Resources */ = {
			isa = PBXResourcesBuildPhase;
			buildActionMask = 2147483647;
			files = (
			);
			runOnlyForDeploymentPostprocessing = 0;
		};
/* End PBXResourcesBuildPhase section */

/* Begin PBXShellScriptBuildPhase section */
		45B7A5D30DDCEF9240E018E5 /* [CP] Check Pods Manifest.lock */ = {
			isa = PBXShellScriptBuildPhase;
			buildActionMask = 2147483647;
			files = (
			);
			inputFileListPaths = (
			);
			inputPaths = (
				"${PODS_PODFILE_DIR_PATH}/Podfile.lock",
				"${PODS_ROOT}/Manifest.lock",
			);
			name = "[CP] Check Pods Manifest.lock";
			outputFileListPaths = (
			);
			outputPaths = (
				"$(DERIVED_FILE_DIR)/Pods-AppContainerKit-checkManifestLockResult.txt",
			);
			runOnlyForDeploymentPostprocessing = 0;
			shellPath = /bin/sh;
			shellScript = "diff \"${PODS_PODFILE_DIR_PATH}/Podfile.lock\" \"${PODS_ROOT}/Manifest.lock\" > /dev/null\nif [ $? != 0 ] ; then\n    # print error to STDERR\n    echo \"error: The sandbox is not in sync with the Podfile.lock. Run 'pod install' or update your CocoaPods installation.\" >&2\n    exit 1\nfi\n# This output is used by Xcode 'outputs' to avoid re-running this script phase.\necho \"SUCCESS\" > \"${SCRIPT_OUTPUT_FILE_0}\"\n";
			showEnvVarsInLog = 0;
		};
		7F29386B16AF047EEE1B0775 /* [CP] Check Pods Manifest.lock */ = {
			isa = PBXShellScriptBuildPhase;
			buildActionMask = 2147483647;
			files = (
			);
			inputFileListPaths = (
			);
			inputPaths = (
				"${PODS_PODFILE_DIR_PATH}/Podfile.lock",
				"${PODS_ROOT}/Manifest.lock",
			);
			name = "[CP] Check Pods Manifest.lock";
			outputFileListPaths = (
			);
			outputPaths = (
				"$(DERIVED_FILE_DIR)/Pods-AppContainerKitDISwiftExample-checkManifestLockResult.txt",
			);
			runOnlyForDeploymentPostprocessing = 0;
			shellPath = /bin/sh;
			shellScript = "diff \"${PODS_PODFILE_DIR_PATH}/Podfile.lock\" \"${PODS_ROOT}/Manifest.lock\" > /dev/null\nif [ $? != 0 ] ; then\n    # print error to STDERR\n    echo \"error: The sandbox is not in sync with the Podfile.lock. Run 'pod install' or update your CocoaPods installation.\" >&2\n    exit 1\nfi\n# This output is used by Xcode 'outputs' to avoid re-running this script phase.\necho \"SUCCESS\" > \"${SCRIPT_OUTPUT_FILE_0}\"\n";
			showEnvVarsInLog = 0;
		};
		C52CC51290252817994827FA /* [CP] Embed Pods Frameworks */ = {
			isa = PBXShellScriptBuildPhase;
			buildActionMask = 2147483647;
			files = (
			);
			inputFileListPaths = (
			);
			inputPaths = (
				"${PODS_ROOT}/Target Support Files/Pods-AppContainerKitDISwiftExample/Pods-AppContainerKitDISwiftExample-frameworks.sh",
				"${BUILT_PRODUCTS_DIR}/AppContainerKit/AppContainerKit.framework",
				"${BUILT_PRODUCTS_DIR}/MarkdownView/MarkdownView.framework",
				"${BUILT_PRODUCTS_DIR}/Swinject/Swinject.framework",
				"${BUILT_PRODUCTS_DIR}/SwinjectAutoregistration/SwinjectAutoregistration.framework",
				"${BUILT_PRODUCTS_DIR}/SwinjectStoryboard/SwinjectStoryboard.framework",
			);
			name = "[CP] Embed Pods Frameworks";
			outputFileListPaths = (
			);
			outputPaths = (
				"${TARGET_BUILD_DIR}/${FRAMEWORKS_FOLDER_PATH}/AppContainerKit.framework",
				"${TARGET_BUILD_DIR}/${FRAMEWORKS_FOLDER_PATH}/MarkdownView.framework",
				"${TARGET_BUILD_DIR}/${FRAMEWORKS_FOLDER_PATH}/Swinject.framework",
				"${TARGET_BUILD_DIR}/${FRAMEWORKS_FOLDER_PATH}/SwinjectAutoregistration.framework",
				"${TARGET_BUILD_DIR}/${FRAMEWORKS_FOLDER_PATH}/SwinjectStoryboard.framework",
			);
			runOnlyForDeploymentPostprocessing = 0;
			shellPath = /bin/sh;
			shellScript = "\"${PODS_ROOT}/Target Support Files/Pods-AppContainerKitDISwiftExample/Pods-AppContainerKitDISwiftExample-frameworks.sh\"\n";
			showEnvVarsInLog = 0;
		};
		DC39D66E220097A400B56E98 /* Swift Lint */ = {
			isa = PBXShellScriptBuildPhase;
			buildActionMask = 2147483647;
			files = (
			);
			inputFileListPaths = (
			);
			inputPaths = (
			);
			name = "Swift Lint";
			outputFileListPaths = (
			);
			outputPaths = (
			);
			runOnlyForDeploymentPostprocessing = 0;
			shellPath = /bin/sh;
			shellScript = "\"${PODS_ROOT}/SwiftLint/swiftlint\"\n";
		};
		DC39D6B52200D3C500B56E98 /* Swift Lint */ = {
			isa = PBXShellScriptBuildPhase;
			buildActionMask = 2147483647;
			files = (
			);
			inputFileListPaths = (
			);
			inputPaths = (
			);
			name = "Swift Lint";
			outputFileListPaths = (
			);
			outputPaths = (
			);
			runOnlyForDeploymentPostprocessing = 0;
			shellPath = /bin/sh;
			shellScript = "\"${PODS_ROOT}/SwiftLint/swiftlint\"\n";
		};
/* End PBXShellScriptBuildPhase section */

/* Begin PBXSourcesBuildPhase section */
		DC39D65D2200948000B56E98 /* Sources */ = {
			isa = PBXSourcesBuildPhase;
			buildActionMask = 2147483647;
			files = (
				DC39D6E02201026300B56E98 /* ACKWindowController.swift in Sources */,
				DC747CEA220703520041BF63 /* ACKitDelegateHolder.swift in Sources */,
				DC39D6902200B32200B56E98 /* ACKLaunchScreenViewController.swift in Sources */,
				DC39D6932200B43000B56E98 /* ACKContainerView.swift in Sources */,
				DC0C60FC22083A87005A1A22 /* NavigationAnimation.swift in Sources */,
				DC0C60FA22083A3B005A1A22 /* CoordinatorContainer.swift in Sources */,
				DC39D6C82200EF6F00B56E98 /* FadeTransitionAnimator.swift in Sources */,
				DC39D6BE2200EA5B00B56E98 /* ACKNavigationController.swift in Sources */,
				DC39D6C42200EE3D00B56E98 /* UIViewController+Coordinator.swift in Sources */,
				DC39D6952200B53900B56E98 /* ACKPrimaryViewContainerViewController.swift in Sources */,
				DC39D6992200B70100B56E98 /* Delegate.swift in Sources */,
				DC39D6C62200EF5000B56E98 /* NavigationCoordinator.swift in Sources */,
				DC39D6972200B5AE00B56E98 /* ACKSecondaryViewContainerViewController.swift in Sources */,
			);
			runOnlyForDeploymentPostprocessing = 0;
		};
		DC39D69E2200D33F00B56E98 /* Sources */ = {
			isa = PBXSourcesBuildPhase;
			buildActionMask = 2147483647;
			files = (
				DC39D6D02200F82700B56E98 /* MainViewController.swift in Sources */,
				DC39D6CE2200F81C00B56E98 /* LoginViewController.swift in Sources */,
				DC39D6D22200F85F00B56E98 /* MainAssembly.swift in Sources */,
				DC39D6BC2200D59900B56E98 /* AppDelegateAssembly.swift in Sources */,
				DC39D6D72200F9A900B56E98 /* UserStorage.swift in Sources */,
				DC39D6CC2200F7AB00B56E98 /* WindowController.swift in Sources */,
				DCCE2AC1220C55350041BB52 /* UITestController.swift in Sources */,
				DC39D6A52200D33F00B56E98 /* AppDelegate.swift in Sources */,
				DC39D6CA2200F13B00B56E98 /* WindowControllerAssembly.swift in Sources */,
				DC39D6D42200F89D00B56E98 /* LoginAssembly.swift in Sources */,
				DC39D6DB2200FA2A00B56E98 /* SharedAssembly.swift in Sources */,
				DC39D6DE2200FF6200B56E98 /* SwinjectStoryboard+container.swift in Sources */,
				DC39D6BA2200D53A00B56E98 /* AssemblyCenter.swift in Sources */,
			);
			runOnlyForDeploymentPostprocessing = 0;
		};
		DC922B992208A91C00B1A7ED /* Sources */ = {
			isa = PBXSourcesBuildPhase;
			buildActionMask = 2147483647;
			files = (
				DC922BA02208A91C00B1A7ED /* TransitionsUITests.swift in Sources */,
				DCCE2AC3220C676B0041BB52 /* XCUIApplication+XCUIElementQuery.swift in Sources */,
			);
			runOnlyForDeploymentPostprocessing = 0;
		};
/* End PBXSourcesBuildPhase section */

/* Begin PBXTargetDependency section */
		DC922BA32208A91C00B1A7ED /* PBXTargetDependency */ = {
			isa = PBXTargetDependency;
			target = DC39D6A12200D33F00B56E98 /* AppContainerKitDISwiftExample */;
			targetProxy = DC922BA22208A91C00B1A7ED /* PBXContainerItemProxy */;
		};
/* End PBXTargetDependency section */

/* Begin XCBuildConfiguration section */
		DC39D6672200948000B56E98 /* Debug */ = {
			isa = XCBuildConfiguration;
			buildSettings = {
				ALWAYS_SEARCH_USER_PATHS = NO;
				CLANG_ANALYZER_NONNULL = YES;
				CLANG_ANALYZER_NUMBER_OBJECT_CONVERSION = YES_AGGRESSIVE;
				CLANG_CXX_LANGUAGE_STANDARD = "gnu++14";
				CLANG_CXX_LIBRARY = "libc++";
				CLANG_ENABLE_MODULES = YES;
				CLANG_ENABLE_OBJC_ARC = YES;
				CLANG_ENABLE_OBJC_WEAK = YES;
				CLANG_WARN_BLOCK_CAPTURE_AUTORELEASING = YES;
				CLANG_WARN_BOOL_CONVERSION = YES;
				CLANG_WARN_COMMA = YES;
				CLANG_WARN_CONSTANT_CONVERSION = YES;
				CLANG_WARN_DEPRECATED_OBJC_IMPLEMENTATIONS = YES;
				CLANG_WARN_DIRECT_OBJC_ISA_USAGE = YES_ERROR;
				CLANG_WARN_DOCUMENTATION_COMMENTS = YES;
				CLANG_WARN_EMPTY_BODY = YES;
				CLANG_WARN_ENUM_CONVERSION = YES;
				CLANG_WARN_INFINITE_RECURSION = YES;
				CLANG_WARN_INT_CONVERSION = YES;
				CLANG_WARN_NON_LITERAL_NULL_CONVERSION = YES;
				CLANG_WARN_OBJC_IMPLICIT_RETAIN_SELF = YES;
				CLANG_WARN_OBJC_LITERAL_CONVERSION = YES;
				CLANG_WARN_OBJC_ROOT_CLASS = YES_ERROR;
				CLANG_WARN_RANGE_LOOP_ANALYSIS = YES;
				CLANG_WARN_STRICT_PROTOTYPES = YES;
				CLANG_WARN_SUSPICIOUS_MOVE = YES;
				CLANG_WARN_UNGUARDED_AVAILABILITY = YES_AGGRESSIVE;
				CLANG_WARN_UNREACHABLE_CODE = YES;
				CLANG_WARN__DUPLICATE_METHOD_MATCH = YES;
				CODE_SIGN_IDENTITY = "iPhone Developer";
				COPY_PHASE_STRIP = NO;
				CURRENT_PROJECT_VERSION = 1;
				DEBUG_INFORMATION_FORMAT = dwarf;
				ENABLE_STRICT_OBJC_MSGSEND = YES;
				ENABLE_TESTABILITY = YES;
				GCC_C_LANGUAGE_STANDARD = gnu11;
				GCC_DYNAMIC_NO_PIC = NO;
				GCC_NO_COMMON_BLOCKS = YES;
				GCC_OPTIMIZATION_LEVEL = 0;
				GCC_PREPROCESSOR_DEFINITIONS = (
					"DEBUG=1",
					"$(inherited)",
				);
				GCC_WARN_64_TO_32_BIT_CONVERSION = YES;
				GCC_WARN_ABOUT_RETURN_TYPE = YES_ERROR;
				GCC_WARN_UNDECLARED_SELECTOR = YES;
				GCC_WARN_UNINITIALIZED_AUTOS = YES_AGGRESSIVE;
				GCC_WARN_UNUSED_FUNCTION = YES;
				GCC_WARN_UNUSED_VARIABLE = YES;
				IPHONEOS_DEPLOYMENT_TARGET = 10.0;
				MTL_ENABLE_DEBUG_INFO = INCLUDE_SOURCE;
				MTL_FAST_MATH = YES;
				ONLY_ACTIVE_ARCH = YES;
				SDKROOT = iphoneos;
				SWIFT_ACTIVE_COMPILATION_CONDITIONS = DEBUG;
				SWIFT_OPTIMIZATION_LEVEL = "-Onone";
				VERSIONING_SYSTEM = "apple-generic";
				VERSION_INFO_PREFIX = "";
			};
			name = Debug;
		};
		DC39D6682200948000B56E98 /* Release */ = {
			isa = XCBuildConfiguration;
			buildSettings = {
				ALWAYS_SEARCH_USER_PATHS = NO;
				CLANG_ANALYZER_NONNULL = YES;
				CLANG_ANALYZER_NUMBER_OBJECT_CONVERSION = YES_AGGRESSIVE;
				CLANG_CXX_LANGUAGE_STANDARD = "gnu++14";
				CLANG_CXX_LIBRARY = "libc++";
				CLANG_ENABLE_MODULES = YES;
				CLANG_ENABLE_OBJC_ARC = YES;
				CLANG_ENABLE_OBJC_WEAK = YES;
				CLANG_WARN_BLOCK_CAPTURE_AUTORELEASING = YES;
				CLANG_WARN_BOOL_CONVERSION = YES;
				CLANG_WARN_COMMA = YES;
				CLANG_WARN_CONSTANT_CONVERSION = YES;
				CLANG_WARN_DEPRECATED_OBJC_IMPLEMENTATIONS = YES;
				CLANG_WARN_DIRECT_OBJC_ISA_USAGE = YES_ERROR;
				CLANG_WARN_DOCUMENTATION_COMMENTS = YES;
				CLANG_WARN_EMPTY_BODY = YES;
				CLANG_WARN_ENUM_CONVERSION = YES;
				CLANG_WARN_INFINITE_RECURSION = YES;
				CLANG_WARN_INT_CONVERSION = YES;
				CLANG_WARN_NON_LITERAL_NULL_CONVERSION = YES;
				CLANG_WARN_OBJC_IMPLICIT_RETAIN_SELF = YES;
				CLANG_WARN_OBJC_LITERAL_CONVERSION = YES;
				CLANG_WARN_OBJC_ROOT_CLASS = YES_ERROR;
				CLANG_WARN_RANGE_LOOP_ANALYSIS = YES;
				CLANG_WARN_STRICT_PROTOTYPES = YES;
				CLANG_WARN_SUSPICIOUS_MOVE = YES;
				CLANG_WARN_UNGUARDED_AVAILABILITY = YES_AGGRESSIVE;
				CLANG_WARN_UNREACHABLE_CODE = YES;
				CLANG_WARN__DUPLICATE_METHOD_MATCH = YES;
				CODE_SIGN_IDENTITY = "iPhone Developer";
				COPY_PHASE_STRIP = NO;
				CURRENT_PROJECT_VERSION = 1;
				DEBUG_INFORMATION_FORMAT = "dwarf-with-dsym";
				ENABLE_NS_ASSERTIONS = NO;
				ENABLE_STRICT_OBJC_MSGSEND = YES;
				GCC_C_LANGUAGE_STANDARD = gnu11;
				GCC_NO_COMMON_BLOCKS = YES;
				GCC_WARN_64_TO_32_BIT_CONVERSION = YES;
				GCC_WARN_ABOUT_RETURN_TYPE = YES_ERROR;
				GCC_WARN_UNDECLARED_SELECTOR = YES;
				GCC_WARN_UNINITIALIZED_AUTOS = YES_AGGRESSIVE;
				GCC_WARN_UNUSED_FUNCTION = YES;
				GCC_WARN_UNUSED_VARIABLE = YES;
				IPHONEOS_DEPLOYMENT_TARGET = 10.0;
				MTL_ENABLE_DEBUG_INFO = NO;
				MTL_FAST_MATH = YES;
				SDKROOT = iphoneos;
				SWIFT_COMPILATION_MODE = wholemodule;
				SWIFT_OPTIMIZATION_LEVEL = "-O";
				VALIDATE_PRODUCT = YES;
				VERSIONING_SYSTEM = "apple-generic";
				VERSION_INFO_PREFIX = "";
			};
			name = Release;
		};
		DC39D66A2200948000B56E98 /* Debug */ = {
			isa = XCBuildConfiguration;
			baseConfigurationReference = 3D2EDF8709E79527E5C131F2 /* Pods-AppContainerKit.debug.xcconfig */;
			buildSettings = {
				CLANG_ENABLE_MODULES = YES;
				CODE_SIGN_IDENTITY = "";
				CODE_SIGN_STYLE = Automatic;
				DEFINES_MODULE = YES;
				DEVELOPMENT_TEAM = A7XT5CX637;
				DYLIB_COMPATIBILITY_VERSION = 1;
				DYLIB_CURRENT_VERSION = 1;
				DYLIB_INSTALL_NAME_BASE = "@rpath";
				INFOPLIST_FILE = AppContainerKit/Info.plist;
				INSTALL_PATH = "$(LOCAL_LIBRARY_DIR)/Frameworks";
				IPHONEOS_DEPLOYMENT_TARGET = 10.0;
				LD_RUNPATH_SEARCH_PATHS = (
					"$(inherited)",
					"@executable_path/Frameworks",
					"@loader_path/Frameworks",
				);
				PRODUCT_BUNDLE_IDENTIFIER = com.pawellozinski.AppContainerKit;
				PRODUCT_NAME = "$(TARGET_NAME:c99extidentifier)";
				SKIP_INSTALL = YES;
				SWIFT_OPTIMIZATION_LEVEL = "-Onone";
				SWIFT_VERSION = 4.2;
				TARGETED_DEVICE_FAMILY = "1,2";
			};
			name = Debug;
		};
		DC39D66B2200948000B56E98 /* Release */ = {
			isa = XCBuildConfiguration;
			baseConfigurationReference = AACE04C278063A6CB0D14DFB /* Pods-AppContainerKit.release.xcconfig */;
			buildSettings = {
				CLANG_ENABLE_MODULES = YES;
				CODE_SIGN_IDENTITY = "";
				CODE_SIGN_STYLE = Automatic;
				DEFINES_MODULE = YES;
				DEVELOPMENT_TEAM = A7XT5CX637;
				DYLIB_COMPATIBILITY_VERSION = 1;
				DYLIB_CURRENT_VERSION = 1;
				DYLIB_INSTALL_NAME_BASE = "@rpath";
				INFOPLIST_FILE = AppContainerKit/Info.plist;
				INSTALL_PATH = "$(LOCAL_LIBRARY_DIR)/Frameworks";
				IPHONEOS_DEPLOYMENT_TARGET = 10.0;
				LD_RUNPATH_SEARCH_PATHS = (
					"$(inherited)",
					"@executable_path/Frameworks",
					"@loader_path/Frameworks",
				);
				PRODUCT_BUNDLE_IDENTIFIER = com.pawellozinski.AppContainerKit;
				PRODUCT_NAME = "$(TARGET_NAME:c99extidentifier)";
				SKIP_INSTALL = YES;
				SWIFT_VERSION = 4.2;
				TARGETED_DEVICE_FAMILY = "1,2";
			};
			name = Release;
		};
		DC39D6B12200D34000B56E98 /* Debug */ = {
			isa = XCBuildConfiguration;
			baseConfigurationReference = BCA2431D1C4ECCE75431CC00 /* Pods-AppContainerKitDISwiftExample.debug.xcconfig */;
			buildSettings = {
				ASSETCATALOG_COMPILER_APPICON_NAME = AppIcon;
				CODE_SIGN_STYLE = Automatic;
				DEVELOPMENT_TEAM = Q8L5Q77NYT;
				INFOPLIST_FILE = AppContainerKitDISwiftExample/Info.plist;
				IPHONEOS_DEPLOYMENT_TARGET = 10.0;
				LD_RUNPATH_SEARCH_PATHS = (
					"$(inherited)",
					"@executable_path/Frameworks",
				);
				PRODUCT_BUNDLE_IDENTIFIER = com.pawellozinski.AppContainerKitDISwiftExample;
				PRODUCT_NAME = "$(TARGET_NAME)";
				SWIFT_VERSION = 4.2;
				TARGETED_DEVICE_FAMILY = "1,2";
			};
			name = Debug;
		};
		DC39D6B22200D34000B56E98 /* Release */ = {
			isa = XCBuildConfiguration;
			baseConfigurationReference = D613A48B3F21705028EE37B3 /* Pods-AppContainerKitDISwiftExample.release.xcconfig */;
			buildSettings = {
				ASSETCATALOG_COMPILER_APPICON_NAME = AppIcon;
				CODE_SIGN_STYLE = Automatic;
				DEVELOPMENT_TEAM = Q8L5Q77NYT;
				INFOPLIST_FILE = AppContainerKitDISwiftExample/Info.plist;
				IPHONEOS_DEPLOYMENT_TARGET = 10.0;
				LD_RUNPATH_SEARCH_PATHS = (
					"$(inherited)",
					"@executable_path/Frameworks",
				);
				PRODUCT_BUNDLE_IDENTIFIER = com.pawellozinski.AppContainerKitDISwiftExample;
				PRODUCT_NAME = "$(TARGET_NAME)";
				SWIFT_VERSION = 4.2;
				TARGETED_DEVICE_FAMILY = "1,2";
			};
			name = Release;
		};
		DC922BA42208A91C00B1A7ED /* Debug */ = {
			isa = XCBuildConfiguration;
			buildSettings = {
				CODE_SIGN_STYLE = Automatic;
				DEVELOPMENT_TEAM = A7XT5CX637;
				INFOPLIST_FILE = AppContainerKitDISwiftExampleUITests/Info.plist;
				IPHONEOS_DEPLOYMENT_TARGET = 12.1;
				LD_RUNPATH_SEARCH_PATHS = (
					"$(inherited)",
					"@executable_path/Frameworks",
					"@loader_path/Frameworks",
				);
				PRODUCT_BUNDLE_IDENTIFIER = com.pawellozinski.AppContainerKitDISwiftExampleUITests;
				PRODUCT_NAME = "$(TARGET_NAME)";
				SWIFT_VERSION = 4.2;
				TARGETED_DEVICE_FAMILY = "1,2";
				TEST_TARGET_NAME = AppContainerKitDISwiftExample;
			};
			name = Debug;
		};
		DC922BA52208A91C00B1A7ED /* Release */ = {
			isa = XCBuildConfiguration;
			buildSettings = {
				CODE_SIGN_STYLE = Automatic;
				DEVELOPMENT_TEAM = A7XT5CX637;
				INFOPLIST_FILE = AppContainerKitDISwiftExampleUITests/Info.plist;
				IPHONEOS_DEPLOYMENT_TARGET = 12.1;
				LD_RUNPATH_SEARCH_PATHS = (
					"$(inherited)",
					"@executable_path/Frameworks",
					"@loader_path/Frameworks",
				);
				PRODUCT_BUNDLE_IDENTIFIER = com.pawellozinski.AppContainerKitDISwiftExampleUITests;
				PRODUCT_NAME = "$(TARGET_NAME)";
				SWIFT_VERSION = 4.2;
				TARGETED_DEVICE_FAMILY = "1,2";
				TEST_TARGET_NAME = AppContainerKitDISwiftExample;
			};
			name = Release;
		};
/* End XCBuildConfiguration section */

/* Begin XCConfigurationList section */
		DC39D65B2200948000B56E98 /* Build configuration list for PBXProject "AppContainerKit" */ = {
			isa = XCConfigurationList;
			buildConfigurations = (
				DC39D6672200948000B56E98 /* Debug */,
				DC39D6682200948000B56E98 /* Release */,
			);
			defaultConfigurationIsVisible = 0;
			defaultConfigurationName = Release;
		};
		DC39D6692200948000B56E98 /* Build configuration list for PBXNativeTarget "AppContainerKit" */ = {
			isa = XCConfigurationList;
			buildConfigurations = (
				DC39D66A2200948000B56E98 /* Debug */,
				DC39D66B2200948000B56E98 /* Release */,
			);
			defaultConfigurationIsVisible = 0;
			defaultConfigurationName = Release;
		};
		DC39D6B32200D34000B56E98 /* Build configuration list for PBXNativeTarget "AppContainerKitDISwiftExample" */ = {
			isa = XCConfigurationList;
			buildConfigurations = (
				DC39D6B12200D34000B56E98 /* Debug */,
				DC39D6B22200D34000B56E98 /* Release */,
			);
			defaultConfigurationIsVisible = 0;
			defaultConfigurationName = Release;
		};
		DC922BA62208A91C00B1A7ED /* Build configuration list for PBXNativeTarget "AppContainerKitDISwiftExampleUITests" */ = {
			isa = XCConfigurationList;
			buildConfigurations = (
				DC922BA42208A91C00B1A7ED /* Debug */,
				DC922BA52208A91C00B1A7ED /* Release */,
			);
			defaultConfigurationIsVisible = 0;
			defaultConfigurationName = Release;
		};
/* End XCConfigurationList section */
	};
	rootObject = DC39D6582200948000B56E98 /* Project object */;
}
